Microsoft Visual Studio Solution File, Format Version 12.00
# Visual Studio 15
VisualStudioVersion = 15.0.27703.2042
MinimumVisualStudioVersion = 10.0.40219.1
Project("{9A19103F-16F7-4668-BE54-9A1E7A4F7556}") = "IntegratedTodoClient", "src\IntegratedTodoClient\IntegratedTodoClient.csproj", "{22D38A19-2E16-4824-B143-7FEA3462B9C2}"
EndProject
Project("{FAE04EC0-301F-11D3-BF4B-00C04F79EFBC}") = "IntegratedTodoClient.iOS", "src\IntegratedTodoClient.iOS\IntegratedTodoClient.iOS.csproj", "{E0179CB4-848A-419E-94F9-28D848885AC7}"
	ProjectSection(ProjectDependencies) = postProject
		{A14CA909-26E3-4C66-BDA8-C9213D5A82FC} = {A14CA909-26E3-4C66-BDA8-C9213D5A82FC}
		{DD3F5F98-EB49-4A42-9D46-ACD8CA9380BE} = {DD3F5F98-EB49-4A42-9D46-ACD8CA9380BE}
		{BC10C2D6-DB57-43B1-A2AD-41DE8906831B} = {BC10C2D6-DB57-43B1-A2AD-41DE8906831B}
	EndProjectSection
EndProject
Project("{2150E333-8FDC-42A3-9474-1A3956D46DE8}") = "src", "src", "{761CEE26-4EEF-425E-ADBB-CF5DAD9A1E7F}"
EndProject
Project("{2150E333-8FDC-42A3-9474-1A3956D46DE8}") = "Solution Items", "Solution Items", "{204D992E-C6AD-40F8-BB85-C429B05A2F48}"
	ProjectSection(SolutionItems) = preProject
		.editorconfig = .editorconfig
		Directory.build.props = Directory.build.props
		GettingStarted.txt = GettingStarted.txt
		ReadMe.md = ReadMe.md
	EndProjectSection
EndProject
Project("{2150E333-8FDC-42A3-9474-1A3956D46DE8}") = "build", "build", "{26FE0B9F-C381-4DB2-897A-E59A22AE5A74}"
	ProjectSection(SolutionItems) = preProject
		build\BuildTemplateInfo.plist = build\BuildTemplateInfo.plist
	EndProjectSection
EndProject
Project("{FAE04EC0-301F-11D3-BF4B-00C04F79EFBC}") = "IntegratedTodoClient.Droid", "src\IntegratedTodoClient.Droid\IntegratedTodoClient.Droid.csproj", "{CD4BB339-8364-43FA-BBCE-49BC7141F853}"
	ProjectSection(ProjectDependencies) = postProject
		{A14CA909-26E3-4C66-BDA8-C9213D5A82FC} = {A14CA909-26E3-4C66-BDA8-C9213D5A82FC}
		{DD3F5F98-EB49-4A42-9D46-ACD8CA9380BE} = {DD3F5F98-EB49-4A42-9D46-ACD8CA9380BE}
		{BC10C2D6-DB57-43B1-A2AD-41DE8906831B} = {BC10C2D6-DB57-43B1-A2AD-41DE8906831B}
	EndProjectSection
EndProject
Project("{2150E333-8FDC-42A3-9474-1A3956D46DE8}") = "modules", "modules", "{EB31B0BF-6067-41CC-BFAB-E0B14C63883D}"
EndProject
Project("{2150E333-8FDC-42A3-9474-1A3956D46DE8}") = "shared", "shared", "{1BADD48E-4BD5-4383-9C03-3DCCFBA71B6A}"
EndProject
Project("{9A19103F-16F7-4668-BE54-9A1E7A4F7556}") = "IntegratedTodoClient.Shared", "src\shared\IntegratedTodoClient.Shared\IntegratedTodoClient.Shared.csproj", "{BC10C2D6-DB57-43B1-A2AD-41DE8906831B}"
EndProject
Project("{9A19103F-16F7-4668-BE54-9A1E7A4F7556}") = "IntegratedTodoClient.Identity", "src\modules\IntegratedTodoClient.Identity\IntegratedTodoClient.Identity.csproj", "{A14CA909-26E3-4C66-BDA8-C9213D5A82FC}"
EndProject
Project("{9A19103F-16F7-4668-BE54-9A1E7A4F7556}") = "IntegratedTodoClient.Todo", "src\modules\IntegratedTodoClient.Todo\IntegratedTodoClient.Todo.csproj", "{DD3F5F98-EB49-4A42-9D46-ACD8CA9380BE}"
EndProject
Global
	GlobalSection(SolutionConfigurationPlatforms) = preSolution
		Ad-Hoc|Any CPU = Ad-Hoc|Any CPU
		Ad-Hoc|iPhone = Ad-Hoc|iPhone
		Ad-Hoc|iPhoneSimulator = Ad-Hoc|iPhoneSimulator
		AppStore|Any CPU = AppStore|Any CPU
		AppStore|iPhone = AppStore|iPhone
		AppStore|iPhoneSimulator = AppStore|iPhoneSimulator
		Debug|Any CPU = Debug|Any CPU
		Debug|iPhone = Debug|iPhone
		Debug|iPhoneSimulator = Debug|iPhoneSimulator
		Mock|Any CPU = Mock|Any CPU
		Mock|iPhone = Mock|iPhone
		Mock|iPhoneSimulator = Mock|iPhoneSimulator
		Release|Any CPU = Release|Any CPU
		Release|iPhone = Release|iPhone
		Release|iPhoneSimulator = Release|iPhoneSimulator
	EndGlobalSection
	GlobalSection(ProjectConfigurationPlatforms) = postSolution
		{22D38A19-2E16-4824-B143-7FEA3462B9C2}.Ad-Hoc|Any CPU.ActiveCfg = Release|Any CPU
		{22D38A19-2E16-4824-B143-7FEA3462B9C2}.Ad-Hoc|Any CPU.Build.0 = Release|Any CPU
		{22D38A19-2E16-4824-B143-7FEA3462B9C2}.Ad-Hoc|iPhone.ActiveCfg = Release|Any CPU
		{22D38A19-2E16-4824-B143-7FEA3462B9C2}.Ad-Hoc|iPhone.Build.0 = Release|Any CPU
		{22D38A19-2E16-4824-B143-7FEA3462B9C2}.Ad-Hoc|iPhoneSimulator.ActiveCfg = Release|Any CPU
		{22D38A19-2E16-4824-B143-7FEA3462B9C2}.Ad-Hoc|iPhoneSimulator.Build.0 = Release|Any CPU
		{22D38A19-2E16-4824-B143-7FEA3462B9C2}.AppStore|Any CPU.ActiveCfg = Release|Any CPU
		{22D38A19-2E16-4824-B143-7FEA3462B9C2}.AppStore|Any CPU.Build.0 = Release|Any CPU
		{22D38A19-2E16-4824-B143-7FEA3462B9C2}.AppStore|iPhone.ActiveCfg = Release|Any CPU
		{22D38A19-2E16-4824-B143-7FEA3462B9C2}.AppStore|iPhone.Build.0 = Release|Any CPU
		{22D38A19-2E16-4824-B143-7FEA3462B9C2}.AppStore|iPhoneSimulator.ActiveCfg = Release|Any CPU
		{22D38A19-2E16-4824-B143-7FEA3462B9C2}.AppStore|iPhoneSimulator.Build.0 = Release|Any CPU
		{22D38A19-2E16-4824-B143-7FEA3462B9C2}.Debug|Any CPU.ActiveCfg = Debug|Any CPU
		{22D38A19-2E16-4824-B143-7FEA3462B9C2}.Debug|Any CPU.Build.0 = Debug|Any CPU
		{22D38A19-2E16-4824-B143-7FEA3462B9C2}.Debug|iPhone.ActiveCfg = Debug|Any CPU
		{22D38A19-2E16-4824-B143-7FEA3462B9C2}.Debug|iPhone.Build.0 = Debug|Any CPU
		{22D38A19-2E16-4824-B143-7FEA3462B9C2}.Debug|iPhoneSimulator.ActiveCfg = Debug|Any CPU
		{22D38A19-2E16-4824-B143-7FEA3462B9C2}.Debug|iPhoneSimulator.Build.0 = Debug|Any CPU
		{22D38A19-2E16-4824-B143-7FEA3462B9C2}.Mock|Any CPU.ActiveCfg = Release|Any CPU
		{22D38A19-2E16-4824-B143-7FEA3462B9C2}.Mock|Any CPU.Build.0 = Release|Any CPU
		{22D38A19-2E16-4824-B143-7FEA3462B9C2}.Mock|iPhone.ActiveCfg = Release|Any CPU
		{22D38A19-2E16-4824-B143-7FEA3462B9C2}.Mock|iPhone.Build.0 = Release|Any CPU
		{22D38A19-2E16-4824-B143-7FEA3462B9C2}.Mock|iPhoneSimulator.ActiveCfg = Release|Any CPU
		{22D38A19-2E16-4824-B143-7FEA3462B9C2}.Mock|iPhoneSimulator.Build.0 = Release|Any CPU
		{22D38A19-2E16-4824-B143-7FEA3462B9C2}.Release|Any CPU.ActiveCfg = Release|Any CPU
		{22D38A19-2E16-4824-B143-7FEA3462B9C2}.Release|Any CPU.Build.0 = Release|Any CPU
		{22D38A19-2E16-4824-B143-7FEA3462B9C2}.Release|iPhone.ActiveCfg = Release|Any CPU
		{22D38A19-2E16-4824-B143-7FEA3462B9C2}.Release|iPhone.Build.0 = Release|Any CPU
		{22D38A19-2E16-4824-B143-7FEA3462B9C2}.Release|iPhoneSimulator.ActiveCfg = Release|Any CPU
		{22D38A19-2E16-4824-B143-7FEA3462B9C2}.Release|iPhoneSimulator.Build.0 = Release|Any CPU
		{E0179CB4-848A-419E-94F9-28D848885AC7}.Ad-Hoc|Any CPU.ActiveCfg = Ad-Hoc|iPhoneSimulator
		{E0179CB4-848A-419E-94F9-28D848885AC7}.Ad-Hoc|iPhone.ActiveCfg = Ad-Hoc|iPhone
		{E0179CB4-848A-419E-94F9-28D848885AC7}.Ad-Hoc|iPhone.Build.0 = Ad-Hoc|iPhone
		{E0179CB4-848A-419E-94F9-28D848885AC7}.Ad-Hoc|iPhoneSimulator.ActiveCfg = Ad-Hoc|iPhoneSimulator
		{E0179CB4-848A-419E-94F9-28D848885AC7}.Ad-Hoc|iPhoneSimulator.Build.0 = Ad-Hoc|iPhoneSimulator
		{E0179CB4-848A-419E-94F9-28D848885AC7}.AppStore|Any CPU.ActiveCfg = AppStore|iPhone
		{E0179CB4-848A-419E-94F9-28D848885AC7}.AppStore|Any CPU.Build.0 = AppStore|iPhone
		{E0179CB4-848A-419E-94F9-28D848885AC7}.AppStore|iPhone.ActiveCfg = AppStore|iPhone
		{E0179CB4-848A-419E-94F9-28D848885AC7}.AppStore|iPhone.Build.0 = AppStore|iPhone
		{E0179CB4-848A-419E-94F9-28D848885AC7}.AppStore|iPhoneSimulator.ActiveCfg = AppStore|iPhoneSimulator
		{E0179CB4-848A-419E-94F9-28D848885AC7}.AppStore|iPhoneSimulator.Build.0 = AppStore|iPhoneSimulator
		{E0179CB4-848A-419E-94F9-28D848885AC7}.Debug|Any CPU.ActiveCfg = Debug|iPhoneSimulator
		{E0179CB4-848A-419E-94F9-28D848885AC7}.Debug|Any CPU.Build.0 = Debug|iPhoneSimulator
		{E0179CB4-848A-419E-94F9-28D848885AC7}.Debug|iPhone.ActiveCfg = Debug|iPhone
		{E0179CB4-848A-419E-94F9-28D848885AC7}.Debug|iPhone.Build.0 = Debug|iPhone
		{E0179CB4-848A-419E-94F9-28D848885AC7}.Debug|iPhoneSimulator.ActiveCfg = Debug|iPhoneSimulator
		{E0179CB4-848A-419E-94F9-28D848885AC7}.Debug|iPhoneSimulator.Build.0 = Debug|iPhoneSimulator
		{E0179CB4-848A-419E-94F9-28D848885AC7}.Mock|Any CPU.ActiveCfg = Mock|iPhoneSimulator
		{E0179CB4-848A-419E-94F9-28D848885AC7}.Mock|Any CPU.Build.0 = Mock|iPhoneSimulator
		{E0179CB4-848A-419E-94F9-28D848885AC7}.Mock|iPhone.ActiveCfg = Mock|iPhone
		{E0179CB4-848A-419E-94F9-28D848885AC7}.Mock|iPhone.Build.0 = Mock|iPhone
		{E0179CB4-848A-419E-94F9-28D848885AC7}.Mock|iPhoneSimulator.ActiveCfg = Mock|iPhoneSimulator
		{E0179CB4-848A-419E-94F9-28D848885AC7}.Mock|iPhoneSimulator.Build.0 = Mock|iPhoneSimulator
		{E0179CB4-848A-419E-94F9-28D848885AC7}.Release|Any CPU.ActiveCfg = Release|iPhoneSimulator
		{E0179CB4-848A-419E-94F9-28D848885AC7}.Release|Any CPU.Build.0 = Release|iPhoneSimulator
		{E0179CB4-848A-419E-94F9-28D848885AC7}.Release|iPhone.ActiveCfg = Release|iPhone
		{E0179CB4-848A-419E-94F9-28D848885AC7}.Release|iPhone.Build.0 = Release|iPhone
		{E0179CB4-848A-419E-94F9-28D848885AC7}.Release|iPhoneSimulator.ActiveCfg = Release|iPhoneSimulator
		{E0179CB4-848A-419E-94F9-28D848885AC7}.Release|iPhoneSimulator.Build.0 = Release|iPhoneSimulator
		{CD4BB339-8364-43FA-BBCE-49BC7141F853}.Ad-Hoc|Any CPU.ActiveCfg = AppStore|Any CPU
		{CD4BB339-8364-43FA-BBCE-49BC7141F853}.Ad-Hoc|Any CPU.Build.0 = AppStore|Any CPU
		{CD4BB339-8364-43FA-BBCE-49BC7141F853}.Ad-Hoc|Any CPU.Deploy.0 = AppStore|Any CPU
		{CD4BB339-8364-43FA-BBCE-49BC7141F853}.Ad-Hoc|iPhone.ActiveCfg = Release|Any CPU
		{CD4BB339-8364-43FA-BBCE-49BC7141F853}.Ad-Hoc|iPhone.Build.0 = Release|Any CPU
		{CD4BB339-8364-43FA-BBCE-49BC7141F853}.Ad-Hoc|iPhoneSimulator.ActiveCfg = AppStore|Any CPU
		{CD4BB339-8364-43FA-BBCE-49BC7141F853}.Ad-Hoc|iPhoneSimulator.Build.0 = AppStore|Any CPU
		{CD4BB339-8364-43FA-BBCE-49BC7141F853}.Ad-Hoc|iPhoneSimulator.Deploy.0 = AppStore|Any CPU
		{CD4BB339-8364-43FA-BBCE-49BC7141F853}.AppStore|Any CPU.ActiveCfg = AppStore|Any CPU
		{CD4BB339-8364-43FA-BBCE-49BC7141F853}.AppStore|Any CPU.Build.0 = AppStore|Any CPU
		{CD4BB339-8364-43FA-BBCE-49BC7141F853}.AppStore|iPhone.ActiveCfg = AppStore|Any CPU
		{CD4BB339-8364-43FA-BBCE-49BC7141F853}.AppStore|iPhone.Build.0 = AppStore|Any CPU
		{CD4BB339-8364-43FA-BBCE-49BC7141F853}.AppStore|iPhoneSimulator.ActiveCfg = AppStore|Any CPU
		{CD4BB339-8364-43FA-BBCE-49BC7141F853}.AppStore|iPhoneSimulator.Build.0 = AppStore|Any CPU
		{CD4BB339-8364-43FA-BBCE-49BC7141F853}.AppStore|iPhoneSimulator.Deploy.0 = AppStore|Any CPU
		{CD4BB339-8364-43FA-BBCE-49BC7141F853}.Debug|Any CPU.ActiveCfg = Debug|Any CPU
		{CD4BB339-8364-43FA-BBCE-49BC7141F853}.Debug|Any CPU.Build.0 = Debug|Any CPU
		{CD4BB339-8364-43FA-BBCE-49BC7141F853}.Debug|iPhone.ActiveCfg = Debug|Any CPU
		{CD4BB339-8364-43FA-BBCE-49BC7141F853}.Debug|iPhone.Build.0 = Debug|Any CPU
		{CD4BB339-8364-43FA-BBCE-49BC7141F853}.Debug|iPhoneSimulator.ActiveCfg = Debug|Any CPU
		{CD4BB339-8364-43FA-BBCE-49BC7141F853}.Debug|iPhoneSimulator.Build.0 = Debug|Any CPU
		{CD4BB339-8364-43FA-BBCE-49BC7141F853}.Mock|Any CPU.ActiveCfg = Mock|Any CPU
		{CD4BB339-8364-43FA-BBCE-49BC7141F853}.Mock|Any CPU.Build.0 = Mock|Any CPU
		{CD4BB339-8364-43FA-BBCE-49BC7141F853}.Mock|iPhone.ActiveCfg = Mock|Any CPU
		{CD4BB339-8364-43FA-BBCE-49BC7141F853}.Mock|iPhone.Build.0 = Mock|Any CPU
		{CD4BB339-8364-43FA-BBCE-49BC7141F853}.Mock|iPhoneSimulator.ActiveCfg = Mock|Any CPU
		{CD4BB339-8364-43FA-BBCE-49BC7141F853}.Mock|iPhoneSimulator.Build.0 = Mock|Any CPU
		{CD4BB339-8364-43FA-BBCE-49BC7141F853}.Release|Any CPU.ActiveCfg = Release|Any CPU
		{CD4BB339-8364-43FA-BBCE-49BC7141F853}.Release|Any CPU.Build.0 = Release|Any CPU
		{CD4BB339-8364-43FA-BBCE-49BC7141F853}.Release|iPhone.ActiveCfg = Release|Any CPU
		{CD4BB339-8364-43FA-BBCE-49BC7141F853}.Release|iPhone.Build.0 = Release|Any CPU
		{CD4BB339-8364-43FA-BBCE-49BC7141F853}.Release|iPhoneSimulator.ActiveCfg = Release|Any CPU
		{CD4BB339-8364-43FA-BBCE-49BC7141F853}.Release|iPhoneSimulator.Build.0 = Release|Any CPU
		{BC10C2D6-DB57-43B1-A2AD-41DE8906831B}.Ad-Hoc|Any CPU.ActiveCfg = Debug|Any CPU
		{BC10C2D6-DB57-43B1-A2AD-41DE8906831B}.Ad-Hoc|Any CPU.Build.0 = Debug|Any CPU
		{BC10C2D6-DB57-43B1-A2AD-41DE8906831B}.Ad-Hoc|iPhone.ActiveCfg = Release|Any CPU
		{BC10C2D6-DB57-43B1-A2AD-41DE8906831B}.Ad-Hoc|iPhone.Build.0 = Release|Any CPU
		{BC10C2D6-DB57-43B1-A2AD-41DE8906831B}.Ad-Hoc|iPhoneSimulator.ActiveCfg = Debug|Any CPU
		{BC10C2D6-DB57-43B1-A2AD-41DE8906831B}.Ad-Hoc|iPhoneSimulator.Build.0 = Debug|Any CPU
		{BC10C2D6-DB57-43B1-A2AD-41DE8906831B}.AppStore|Any CPU.ActiveCfg = Debug|Any CPU
		{BC10C2D6-DB57-43B1-A2AD-41DE8906831B}.AppStore|Any CPU.Build.0 = Debug|Any CPU
		{BC10C2D6-DB57-43B1-A2AD-41DE8906831B}.AppStore|iPhone.ActiveCfg = Debug|Any CPU
		{BC10C2D6-DB57-43B1-A2AD-41DE8906831B}.AppStore|iPhone.Build.0 = Debug|Any CPU
		{BC10C2D6-DB57-43B1-A2AD-41DE8906831B}.AppStore|iPhoneSimulator.ActiveCfg = Debug|Any CPU
		{BC10C2D6-DB57-43B1-A2AD-41DE8906831B}.AppStore|iPhoneSimulator.Build.0 = Debug|Any CPU
		{BC10C2D6-DB57-43B1-A2AD-41DE8906831B}.Debug|Any CPU.ActiveCfg = Debug|Any CPU
		{BC10C2D6-DB57-43B1-A2AD-41DE8906831B}.Debug|Any CPU.Build.0 = Debug|Any CPU
		{BC10C2D6-DB57-43B1-A2AD-41DE8906831B}.Debug|iPhone.ActiveCfg = Debug|Any CPU
		{BC10C2D6-DB57-43B1-A2AD-41DE8906831B}.Debug|iPhone.Build.0 = Debug|Any CPU
		{BC10C2D6-DB57-43B1-A2AD-41DE8906831B}.Debug|iPhoneSimulator.ActiveCfg = Debug|Any CPU
		{BC10C2D6-DB57-43B1-A2AD-41DE8906831B}.Debug|iPhoneSimulator.Build.0 = Debug|Any CPU
		{BC10C2D6-DB57-43B1-A2AD-41DE8906831B}.Mock|Any CPU.ActiveCfg = Debug|Any CPU
		{BC10C2D6-DB57-43B1-A2AD-41DE8906831B}.Mock|Any CPU.Build.0 = Debug|Any CPU
		{BC10C2D6-DB57-43B1-A2AD-41DE8906831B}.Mock|iPhone.ActiveCfg = Debug|Any CPU
		{BC10C2D6-DB57-43B1-A2AD-41DE8906831B}.Mock|iPhone.Build.0 = Debug|Any CPU
		{BC10C2D6-DB57-43B1-A2AD-41DE8906831B}.Mock|iPhoneSimulator.ActiveCfg = Debug|Any CPU
		{BC10C2D6-DB57-43B1-A2AD-41DE8906831B}.Mock|iPhoneSimulator.Build.0 = Debug|Any CPU
		{BC10C2D6-DB57-43B1-A2AD-41DE8906831B}.Release|Any CPU.ActiveCfg = Release|Any CPU
		{BC10C2D6-DB57-43B1-A2AD-41DE8906831B}.Release|Any CPU.Build.0 = Release|Any CPU
		{BC10C2D6-DB57-43B1-A2AD-41DE8906831B}.Release|iPhone.ActiveCfg = Release|Any CPU
		{BC10C2D6-DB57-43B1-A2AD-41DE8906831B}.Release|iPhone.Build.0 = Release|Any CPU
		{BC10C2D6-DB57-43B1-A2AD-41DE8906831B}.Release|iPhoneSimulator.ActiveCfg = Release|Any CPU
		{BC10C2D6-DB57-43B1-A2AD-41DE8906831B}.Release|iPhoneSimulator.Build.0 = Release|Any CPU
		{A14CA909-26E3-4C66-BDA8-C9213D5A82FC}.Ad-Hoc|Any CPU.ActiveCfg = Debug|Any CPU
		{A14CA909-26E3-4C66-BDA8-C9213D5A82FC}.Ad-Hoc|Any CPU.Build.0 = Debug|Any CPU
		{A14CA909-26E3-4C66-BDA8-C9213D5A82FC}.Ad-Hoc|iPhone.ActiveCfg = Release|Any CPU
		{A14CA909-26E3-4C66-BDA8-C9213D5A82FC}.Ad-Hoc|iPhone.Build.0 = Release|Any CPU
		{A14CA909-26E3-4C66-BDA8-C9213D5A82FC}.Ad-Hoc|iPhoneSimulator.ActiveCfg = Debug|Any CPU
		{A14CA909-26E3-4C66-BDA8-C9213D5A82FC}.Ad-Hoc|iPhoneSimulator.Build.0 = Debug|Any CPU
		{A14CA909-26E3-4C66-BDA8-C9213D5A82FC}.AppStore|Any CPU.ActiveCfg = Debug|Any CPU
		{A14CA909-26E3-4C66-BDA8-C9213D5A82FC}.AppStore|Any CPU.Build.0 = Debug|Any CPU
		{A14CA909-26E3-4C66-BDA8-C9213D5A82FC}.AppStore|iPhone.ActiveCfg = Debug|Any CPU
		{A14CA909-26E3-4C66-BDA8-C9213D5A82FC}.AppStore|iPhone.Build.0 = Debug|Any CPU
		{A14CA909-26E3-4C66-BDA8-C9213D5A82FC}.AppStore|iPhoneSimulator.ActiveCfg = Debug|Any CPU
		{A14CA909-26E3-4C66-BDA8-C9213D5A82FC}.AppStore|iPhoneSimulator.Build.0 = Debug|Any CPU
		{A14CA909-26E3-4C66-BDA8-C9213D5A82FC}.Debug|Any CPU.ActiveCfg = Debug|Any CPU
		{A14CA909-26E3-4C66-BDA8-C9213D5A82FC}.Debug|Any CPU.Build.0 = Debug|Any CPU
		{A14CA909-26E3-4C66-BDA8-C9213D5A82FC}.Debug|iPhone.ActiveCfg = Debug|Any CPU
		{A14CA909-26E3-4C66-BDA8-C9213D5A82FC}.Debug|iPhone.Build.0 = Debug|Any CPU
		{A14CA909-26E3-4C66-BDA8-C9213D5A82FC}.Debug|iPhoneSimulator.ActiveCfg = Debug|Any CPU
		{A14CA909-26E3-4C66-BDA8-C9213D5A82FC}.Debug|iPhoneSimulator.Build.0 = Debug|Any CPU
		{A14CA909-26E3-4C66-BDA8-C9213D5A82FC}.Mock|Any CPU.ActiveCfg = Debug|Any CPU
		{A14CA909-26E3-4C66-BDA8-C9213D5A82FC}.Mock|Any CPU.Build.0 = Debug|Any CPU
		{A14CA909-26E3-4C66-BDA8-C9213D5A82FC}.Mock|iPhone.ActiveCfg = Debug|Any CPU
		{A14CA909-26E3-4C66-BDA8-C9213D5A82FC}.Mock|iPhone.Build.0 = Debug|Any CPU
		{A14CA909-26E3-4C66-BDA8-C9213D5A82FC}.Mock|iPhoneSimulator.ActiveCfg = Debug|Any CPU
		{A14CA909-26E3-4C66-BDA8-C9213D5A82FC}.Mock|iPhoneSimulator.Build.0 = Debug|Any CPU
		{A14CA909-26E3-4C66-BDA8-C9213D5A82FC}.Release|Any CPU.ActiveCfg = Release|Any CPU
		{A14CA909-26E3-4C66-BDA8-C9213D5A82FC}.Release|Any CPU.Build.0 = Release|Any CPU
		{A14CA909-26E3-4C66-BDA8-C9213D5A82FC}.Release|iPhone.ActiveCfg = Release|Any CPU
		{A14CA909-26E3-4C66-BDA8-C9213D5A82FC}.Release|iPhone.Build.0 = Release|Any CPU
		{A14CA909-26E3-4C66-BDA8-C9213D5A82FC}.Release|iPhoneSimulator.ActiveCfg = Release|Any CPU
		{A14CA909-26E3-4C66-BDA8-C9213D5A82FC}.Release|iPhoneSimulator.Build.0 = Release|Any CPU
		{DD3F5F98-EB49-4A42-9D46-ACD8CA9380BE}.Ad-Hoc|Any CPU.ActiveCfg = Debug|Any CPU
		{DD3F5F98-EB49-4A42-9D46-ACD8CA9380BE}.Ad-Hoc|Any CPU.Build.0 = Debug|Any CPU
		{DD3F5F98-EB49-4A42-9D46-ACD8CA9380BE}.Ad-Hoc|iPhone.ActiveCfg = Release|Any CPU
		{DD3F5F98-EB49-4A42-9D46-ACD8CA9380BE}.Ad-Hoc|iPhone.Build.0 = Release|Any CPU
		{DD3F5F98-EB49-4A42-9D46-ACD8CA9380BE}.Ad-Hoc|iPhoneSimulator.ActiveCfg = Debug|Any CPU
		{DD3F5F98-EB49-4A42-9D46-ACD8CA9380BE}.Ad-Hoc|iPhoneSimulator.Build.0 = Debug|Any CPU
		{DD3F5F98-EB49-4A42-9D46-ACD8CA9380BE}.AppStore|Any CPU.ActiveCfg = Debug|Any CPU
		{DD3F5F98-EB49-4A42-9D46-ACD8CA9380BE}.AppStore|Any CPU.Build.0 = Debug|Any CPU
		{DD3F5F98-EB49-4A42-9D46-ACD8CA9380BE}.AppStore|iPhone.ActiveCfg = Debug|Any CPU
		{DD3F5F98-EB49-4A42-9D46-ACD8CA9380BE}.AppStore|iPhone.Build.0 = Debug|Any CPU
		{DD3F5F98-EB49-4A42-9D46-ACD8CA9380BE}.AppStore|iPhoneSimulator.ActiveCfg = Debug|Any CPU
		{DD3F5F98-EB49-4A42-9D46-ACD8CA9380BE}.AppStore|iPhoneSimulator.Build.0 = Debug|Any CPU
		{DD3F5F98-EB49-4A42-9D46-ACD8CA9380BE}.Debug|Any CPU.ActiveCfg = Debug|Any CPU
		{DD3F5F98-EB49-4A42-9D46-ACD8CA9380BE}.Debug|Any CPU.Build.0 = Debug|Any CPU
		{DD3F5F98-EB49-4A42-9D46-ACD8CA9380BE}.Debug|iPhone.ActiveCfg = Debug|Any CPU
		{DD3F5F98-EB49-4A42-9D46-ACD8CA9380BE}.Debug|iPhone.Build.0 = Debug|Any CPU
		{DD3F5F98-EB49-4A42-9D46-ACD8CA9380BE}.Debug|iPhoneSimulator.ActiveCfg = Debug|Any CPU
		{DD3F5F98-EB49-4A42-9D46-ACD8CA9380BE}.Debug|iPhoneSimulator.Build.0 = Debug|Any CPU
		{DD3F5F98-EB49-4A42-9D46-ACD8CA9380BE}.Mock|Any CPU.ActiveCfg = Debug|Any CPU
		{DD3F5F98-EB49-4A42-9D46-ACD8CA9380BE}.Mock|Any CPU.Build.0 = Debug|Any CPU
		{DD3F5F98-EB49-4A42-9D46-ACD8CA9380BE}.Mock|iPhone.ActiveCfg = Debug|Any CPU
		{DD3F5F98-EB49-4A42-9D46-ACD8CA9380BE}.Mock|iPhone.Build.0 = Debug|Any CPU
		{DD3F5F98-EB49-4A42-9D46-ACD8CA9380BE}.Mock|iPhoneSimulator.ActiveCfg = Debug|Any CPU
		{DD3F5F98-EB49-4A42-9D46-ACD8CA9380BE}.Mock|iPhoneSimulator.Build.0 = Debug|Any CPU
		{DD3F5F98-EB49-4A42-9D46-ACD8CA9380BE}.Release|Any CPU.ActiveCfg = Release|Any CPU
		{DD3F5F98-EB49-4A42-9D46-ACD8CA9380BE}.Release|Any CPU.Build.0 = Release|Any CPU
		{DD3F5F98-EB49-4A42-9D46-ACD8CA9380BE}.Release|iPhone.ActiveCfg = Release|Any CPU
		{DD3F5F98-EB49-4A42-9D46-ACD8CA9380BE}.Release|iPhone.Build.0 = Release|Any CPU
		{DD3F5F98-EB49-4A42-9D46-ACD8CA9380BE}.Release|iPhoneSimulator.ActiveCfg = Release|Any CPU
		{DD3F5F98-EB49-4A42-9D46-ACD8CA9380BE}.Release|iPhoneSimulator.Build.0 = Release|Any CPU
	EndGlobalSection
	GlobalSection(SolutionProperties) = preSolution
		HideSolutionNode = FALSE
	EndGlobalSection
	GlobalSection(NestedProjects) = preSolution
		{22D38A19-2E16-4824-B143-7FEA3462B9C2} = {761CEE26-4EEF-425E-ADBB-CF5DAD9A1E7F}
		{E0179CB4-848A-419E-94F9-28D848885AC7} = {761CEE26-4EEF-425E-ADBB-CF5DAD9A1E7F}
		{CD4BB339-8364-43FA-BBCE-49BC7141F853} = {761CEE26-4EEF-425E-ADBB-CF5DAD9A1E7F}
		{EB31B0BF-6067-41CC-BFAB-E0B14C63883D} = {761CEE26-4EEF-425E-ADBB-CF5DAD9A1E7F}
		{1BADD48E-4BD5-4383-9C03-3DCCFBA71B6A} = {761CEE26-4EEF-425E-ADBB-CF5DAD9A1E7F}
		{BC10C2D6-DB57-43B1-A2AD-41DE8906831B} = {1BADD48E-4BD5-4383-9C03-3DCCFBA71B6A}
		{A14CA909-26E3-4C66-BDA8-C9213D5A82FC} = {EB31B0BF-6067-41CC-BFAB-E0B14C63883D}
		{DD3F5F98-EB49-4A42-9D46-ACD8CA9380BE} = {EB31B0BF-6067-41CC-BFAB-E0B14C63883D}
	EndGlobalSection
	GlobalSection(ExtensibilityGlobals) = postSolution
		SolutionGuid = {F491CBED-DD53-4480-AD92-7BD64C379ECA}
	EndGlobalSection
EndGlobal
